
Microsoft Visual Studio Solution File, Format Version 12.00
# Visual Studio 2012
Project("{FAE04EC0-301F-11D3-BF4B-00C04F79EFBC}") = "WP", "WP\WP.csproj", "{2DC7709F-A261-435F-A895-16374270290C}"
EndProject
Project("{FAE04EC0-301F-11D3-BF4B-00C04F79EFBC}") = "DBUtility", "DBUtility\DBUtility.csproj", "{68592579-D58D-48C6-AC92-EBE74A3DF9ED}"
EndProject
Project("{FAE04EC0-301F-11D3-BF4B-00C04F79EFBC}") = "Model", "Model\Model.csproj", "{A54C8D96-D17D-45B3-B240-2E5088D3DA3C}"
EndProject
Project("{FAE04EC0-301F-11D3-BF4B-00C04F79EFBC}") = "BLL", "BLL\BLL.csproj", "{0C461090-CDC1-44BA-B761-5CF8BD0D2020}"
EndProject
Project("{FAE04EC0-301F-11D3-BF4B-00C04F79EFBC}") = "DAL", "DAL\DAL.csproj", "{F2771E1E-6C5C-4375-8788-7782D07BD4EE}"
EndProject
Global
	GlobalSection(SolutionConfigurationPlatforms) = preSolution
		Debug|Any CPU = Debug|Any CPU
		Release|Any CPU = Release|Any CPU
	EndGlobalSection
	GlobalSection(ProjectConfigurationPlatforms) = postSolution
		{2DC7709F-A261-435F-A895-16374270290C}.Debug|Any CPU.ActiveCfg = Debug|Any CPU
		{2DC7709F-A261-435F-A895-16374270290C}.Debug|Any CPU.Build.0 = Debug|Any CPU
		{2DC7709F-A261-435F-A895-16374270290C}.Release|Any CPU.ActiveCfg = Release|Any CPU
		{2DC7709F-A261-435F-A895-16374270290C}.Release|Any CPU.Build.0 = Release|Any CPU
		{68592579-D58D-48C6-AC92-EBE74A3DF9ED}.Debug|Any CPU.ActiveCfg = Debug|Any CPU
		{68592579-D58D-48C6-AC92-EBE74A3DF9ED}.Debug|Any CPU.Build.0 = Debug|Any CPU
		{68592579-D58D-48C6-AC92-EBE74A3DF9ED}.Release|Any CPU.ActiveCfg = Release|Any CPU
		{68592579-D58D-48C6-AC92-EBE74A3DF9ED}.Release|Any CPU.Build.0 = Release|Any CPU
		{A54C8D96-D17D-45B3-B240-2E5088D3DA3C}.Debug|Any CPU.ActiveCfg = Debug|Any CPU
		{A54C8D96-D17D-45B3-B240-2E5088D3DA3C}.Debug|Any CPU.Build.0 = Debug|Any CPU
		{A54C8D96-D17D-45B3-B240-2E5088D3DA3C}.Release|Any CPU.ActiveCfg = Release|Any CPU
		{A54C8D96-D17D-45B3-B240-2E5088D3DA3C}.Release|Any CPU.Build.0 = Release|Any CPU
		{0C461090-CDC1-44BA-B761-5CF8BD0D2020}.Debug|Any CPU.ActiveCfg = Debug|Any CPU
		{0C461090-CDC1-44BA-B761-5CF8BD0D2020}.Debug|Any CPU.Build.0 = Debug|Any CPU
		{0C461090-CDC1-44BA-B761-5CF8BD0D2020}.Release|Any CPU.ActiveCfg = Release|Any CPU
		{0C461090-CDC1-44BA-B761-5CF8BD0D2020}.Release|Any CPU.Build.0 = Release|Any CPU
		{F2771E1E-6C5C-4375-8788-7782D07BD4EE}.Debug|Any CPU.ActiveCfg = Debug|Any CPU
		{F2771E1E-6C5C-4375-8788-7782D07BD4EE}.Debug|Any CPU.Build.0 = Debug|Any CPU
		{F2771E1E-6C5C-4375-8788-7782D07BD4EE}.Release|Any CPU.ActiveCfg = Release|Any CPU
		{F2771E1E-6C5C-4375-8788-7782D07BD4EE}.Release|Any CPU.Build.0 = Release|Any CPU
	EndGlobalSection
	GlobalSection(SolutionProperties) = preSolution
		HideSolutionNode = FALSE
	EndGlobalSection
EndGlobal
